
Microsoft Visual Studio Solution File, Format Version 12.00
# Visual Studio Version 17
VisualStudioVersion = 17.7.34221.43
MinimumVisualStudioVersion = 10.0.40219.1
Project("{FAE04EC0-301F-11D3-BF4B-00C04F79EFBC}") = "ChatAppSignalr", "ChatAppSignalr\ChatAppSignalr.csproj", "{EA566AE6-3D5F-4657-B5BB-054DF3154637}"
EndProject
Global
	GlobalSection(SolutionConfigurationPlatforms) = preSolution
		Debug|Any CPU = Debug|Any CPU
		Release|Any CPU = Release|Any CPU
	EndGlobalSection
	GlobalSection(ProjectConfigurationPlatforms) = postSolution
		{EA566AE6-3D5F-4657-B5BB-054DF3154637}.Debug|Any CPU.ActiveCfg = Debug|Any CPU
		{EA566AE6-3D5F-4657-B5BB-054DF3154637}.Debug|Any CPU.Build.0 = Debug|Any CPU
		{EA566AE6-3D5F-4657-B5BB-054DF3154637}.Release|Any CPU.ActiveCfg = Release|Any CPU
		{EA566AE6-3D5F-4657-B5BB-054DF3154637}.Release|Any CPU.Build.0 = Release|Any CPU
	EndGlobalSection
	GlobalSection(SolutionProperties) = preSolution
		HideSolutionNode = FALSE
	EndGlobalSection
	GlobalSection(ExtensibilityGlobals) = postSolution
		SolutionGuid = {4CD3895E-3121-47F9-A907-62A5C23CA2E7}
	EndGlobalSection
EndGlobal
